// !$*UTF8*$!
{
	archiveVersion = 1;
	classes = {
	};
	objectVersion = 56;
	objects = {

/* Begin PBXBuildFile section */
		270CF4262C3370CC00EE3A57 /* AppDelegate.swift in Sources */ = {isa = PBXBuildFile; fileRef = 270CF4252C3370CC00EE3A57 /* AppDelegate.swift */; };
		270CF4282C3370CC00EE3A57 /* SceneDelegate.swift in Sources */ = {isa = PBXBuildFile; fileRef = 270CF4272C3370CC00EE3A57 /* SceneDelegate.swift */; };
		270CF42A2C3370CC00EE3A57 /* ViewController.swift in Sources */ = {isa = PBXBuildFile; fileRef = 270CF4292C3370CC00EE3A57 /* ViewController.swift */; };
		270CF42D2C3370CC00EE3A57 /* Base in Resources */ = {isa = PBXBuildFile; fileRef = 270CF42C2C3370CC00EE3A57 /* Base */; };
		270CF42F2C3370CD00EE3A57 /* Assets.xcassets in Resources */ = {isa = PBXBuildFile; fileRef = 270CF42E2C3370CD00EE3A57 /* Assets.xcassets */; };
		270CF4322C3370CD00EE3A57 /* Base in Resources */ = {isa = PBXBuildFile; fileRef = 270CF4312C3370CD00EE3A57 /* Base */; };
		270CF43D2C3370CD00EE3A57 /* Desserts_MealTests.swift in Sources */ = {isa = PBXBuildFile; fileRef = 270CF43C2C3370CD00EE3A57 /* Desserts_MealTests.swift */; };
		270CF4472C3370CD00EE3A57 /* Desserts_MealUITests.swift in Sources */ = {isa = PBXBuildFile; fileRef = 270CF4462C3370CD00EE3A57 /* Desserts_MealUITests.swift */; };
		270CF4492C3370CD00EE3A57 /* Desserts_MealUITestsLaunchTests.swift in Sources */ = {isa = PBXBuildFile; fileRef = 270CF4482C3370CD00EE3A57 /* Desserts_MealUITestsLaunchTests.swift */; };
/* End PBXBuildFile section */

/* Begin PBXContainerItemProxy section */
		270CF4392C3370CD00EE3A57 /* PBXContainerItemProxy */ = {
			isa = PBXContainerItemProxy;
			containerPortal = 270CF41A2C3370CC00EE3A57 /* Project object */;
			proxyType = 1;
			remoteGlobalIDString = 270CF4212C3370CC00EE3A57;
			remoteInfo = "Desserts-Meal";
		};
		270CF4432C3370CD00EE3A57 /* PBXContainerItemProxy */ = {
			isa = PBXContainerItemProxy;
			containerPortal = 270CF41A2C3370CC00EE3A57 /* Project object */;
			proxyType = 1;
			remoteGlobalIDString = 270CF4212C3370CC00EE3A57;
			remoteInfo = "Desserts-Meal";
		};
/* End PBXContainerItemProxy section */

/* Begin PBXFileReference section */
		270CF4222C3370CC00EE3A57 /* Desserts-Meal.app */ = {isa = PBXFileReference; explicitFileType = wrapper.application; includeInIndex = 0; path = "Desserts-Meal.app"; sourceTree = BUILT_PRODUCTS_DIR; };
		270CF4252C3370CC00EE3A57 /* AppDelegate.swift */ = {isa = PBXFileReference; lastKnownFileType = sourcecode.swift; path = AppDelegate.swift; sourceTree = "<group>"; };
		270CF4272C3370CC00EE3A57 /* SceneDelegate.swift */ = {isa = PBXFileReference; lastKnownFileType = sourcecode.swift; path = SceneDelegate.swift; sourceTree = "<group>"; };
		270CF4292C3370CC00EE3A57 /* ViewController.swift */ = {isa = PBXFileReference; lastKnownFileType = sourcecode.swift; path = ViewController.swift; sourceTree = "<group>"; };
		270CF42C2C3370CC00EE3A57 /* Base */ = {isa = PBXFileReference; lastKnownFileType = file.storyboard; name = Base; path = Base.lproj/Main.storyboard; sourceTree = "<group>"; };
		270CF42E2C3370CD00EE3A57 /* Assets.xcassets */ = {isa = PBXFileReference; lastKnownFileType = folder.assetcatalog; path = Assets.xcassets; sourceTree = "<group>"; };
		270CF4312C3370CD00EE3A57 /* Base */ = {isa = PBXFileReference; lastKnownFileType = file.storyboard; name = Base; path = Base.lproj/LaunchScreen.storyboard; sourceTree = "<group>"; };
		270CF4332C3370CD00EE3A57 /* Info.plist */ = {isa = PBXFileReference; lastKnownFileType = text.plist.xml; path = Info.plist; sourceTree = "<group>"; };
		270CF4382C3370CD00EE3A57 /* Desserts-MealTests.xctest */ = {isa = PBXFileReference; explicitFileType = wrapper.cfbundle; includeInIndex = 0; path = "Desserts-MealTests.xctest"; sourceTree = BUILT_PRODUCTS_DIR; };
		270CF43C2C3370CD00EE3A57 /* Desserts_MealTests.swift */ = {isa = PBXFileReference; lastKnownFileType = sourcecode.swift; path = Desserts_MealTests.swift; sourceTree = "<group>"; };
		270CF4422C3370CD00EE3A57 /* Desserts-MealUITests.xctest */ = {isa = PBXFileReference; explicitFileType = wrapper.cfbundle; includeInIndex = 0; path = "Desserts-MealUITests.xctest"; sourceTree = BUILT_PRODUCTS_DIR; };
		270CF4462C3370CD00EE3A57 /* Desserts_MealUITests.swift */ = {isa = PBXFileReference; lastKnownFileType = sourcecode.swift; path = Desserts_MealUITests.swift; sourceTree = "<group>"; };
		270CF4482C3370CD00EE3A57 /* Desserts_MealUITestsLaunchTests.swift */ = {isa = PBXFileReference; lastKnownFileType = sourcecode.swift; path = Desserts_MealUITestsLaunchTests.swift; sourceTree = "<group>"; };
/* End PBXFileReference section */

/* Begin PBXFrameworksBuildPhase section */
		270CF41F2C3370CC00EE3A57 /* Frameworks */ = {
			isa = PBXFrameworksBuildPhase;
			buildActionMask = 2147483647;
			files = (
			);
			runOnlyForDeploymentPostprocessing = 0;
		};
		270CF4352C3370CD00EE3A57 /* Frameworks */ = {
			isa = PBXFrameworksBuildPhase;
			buildActionMask = 2147483647;
			files = (
			);
			runOnlyForDeploymentPostprocessing = 0;
		};
		270CF43F2C3370CD00EE3A57 /* Frameworks */ = {
			isa = PBXFrameworksBuildPhase;
			buildActionMask = 2147483647;
			files = (
			);
			runOnlyForDeploymentPostprocessing = 0;
		};
/* End PBXFrameworksBuildPhase section */

/* Begin PBXGroup section */
		270CF4192C3370CC00EE3A57 = {
			isa = PBXGroup;
			children = (
				270CF4242C3370CC00EE3A57 /* Desserts-Meal */,
				270CF43B2C3370CD00EE3A57 /* Desserts-MealTests */,
				270CF4452C3370CD00EE3A57 /* Desserts-MealUITests */,
				270CF4232C3370CC00EE3A57 /* Products */,
			);
			sourceTree = "<group>";
		};
		270CF4232C3370CC00EE3A57 /* Products */ = {
			isa = PBXGroup;
			children = (
				270CF4222C3370CC00EE3A57 /* Desserts-Meal.app */,
				270CF4382C3370CD00EE3A57 /* Desserts-MealTests.xctest */,
				270CF4422C3370CD00EE3A57 /* Desserts-MealUITests.xctest */,
			);
			name = Products;
			sourceTree = "<group>";
		};
		270CF4242C3370CC00EE3A57 /* Desserts-Meal */ = {
			isa = PBXGroup;
			children = (
				270CF4252C3370CC00EE3A57 /* AppDelegate.swift */,
				270CF4272C3370CC00EE3A57 /* SceneDelegate.swift */,
				270CF4292C3370CC00EE3A57 /* ViewController.swift */,
				270CF42B2C3370CC00EE3A57 /* Main.storyboard */,
				270CF42E2C3370CD00EE3A57 /* Assets.xcassets */,
				270CF4302C3370CD00EE3A57 /* LaunchScreen.storyboard */,
				270CF4332C3370CD00EE3A57 /* Info.plist */,
			);
			path = "Desserts-Meal";
			sourceTree = "<group>";
		};
		270CF43B2C3370CD00EE3A57 /* Desserts-MealTests */ = {
			isa = PBXGroup;
			children = (
				270CF43C2C3370CD00EE3A57 /* Desserts_MealTests.swift */,
			);
			path = "Desserts-MealTests";
			sourceTree = "<group>";
		};
		270CF4452C3370CD00EE3A57 /* Desserts-MealUITests */ = {
			isa = PBXGroup;
			children = (
				270CF4462C3370CD00EE3A57 /* Desserts_MealUITests.swift */,
				270CF4482C3370CD00EE3A57 /* Desserts_MealUITestsLaunchTests.swift */,
			);
			path = "Desserts-MealUITests";
			sourceTree = "<group>";
		};
/* End PBXGroup section */

/* Begin PBXNativeTarget section */
		270CF4212C3370CC00EE3A57 /* Desserts-Meal */ = {
			isa = PBXNativeTarget;
			buildConfigurationList = 270CF44C2C3370CD00EE3A57 /* Build configuration list for PBXNativeTarget "Desserts-Meal" */;
			buildPhases = (
				270CF41E2C3370CC00EE3A57 /* Sources */,
				270CF41F2C3370CC00EE3A57 /* Frameworks */,
				270CF4202C3370CC00EE3A57 /* Resources */,
			);
			buildRules = (
			);
			dependencies = (
			);
			name = "Desserts-Meal";
			productName = "Desserts-Meal";
			productReference = 270CF4222C3370CC00EE3A57 /* Desserts-Meal.app */;
			productType = "com.apple.product-type.application";
		};
		270CF4372C3370CD00EE3A57 /* Desserts-MealTests */ = {
			isa = PBXNativeTarget;
			buildConfigurationList = 270CF44F2C3370CD00EE3A57 /* Build configuration list for PBXNativeTarget "Desserts-MealTests" */;
			buildPhases = (
				270CF4342C3370CD00EE3A57 /* Sources */,
				270CF4352C3370CD00EE3A57 /* Frameworks */,
				270CF4362C3370CD00EE3A57 /* Resources */,
			);
			buildRules = (
			);
			dependencies = (
				270CF43A2C3370CD00EE3A57 /* PBXTargetDependency */,
			);
			name = "Desserts-MealTests";
			productName = "Desserts-MealTests";
			productReference = 270CF4382C3370CD00EE3A57 /* Desserts-MealTests.xctest */;
			productType = "com.apple.product-type.bundle.unit-test";
		};
		270CF4412C3370CD00EE3A57 /* Desserts-MealUITests */ = {
			isa = PBXNativeTarget;
			buildConfigurationList = 270CF4522C3370CD00EE3A57 /* Build configuration list for PBXNativeTarget "Desserts-MealUITests" */;
			buildPhases = (
				270CF43E2C3370CD00EE3A57 /* Sources */,
				270CF43F2C3370CD00EE3A57 /* Frameworks */,
				270CF4402C3370CD00EE3A57 /* Resources */,
			);
			buildRules = (
			);
			dependencies = (
				270CF4442C3370CD00EE3A57 /* PBXTargetDependency */,
			);
			name = "Desserts-MealUITests";
			productName = "Desserts-MealUITests";
			productReference = 270CF4422C3370CD00EE3A57 /* Desserts-MealUITests.xctest */;
			productType = "com.apple.product-type.bundle.ui-testing";
		};
/* End PBXNativeTarget section */

/* Begin PBXProject section */
		270CF41A2C3370CC00EE3A57 /* Project object */ = {
			isa = PBXProject;
			attributes = {
				BuildIndependentTargetsInParallel = 1;
				LastSwiftUpdateCheck = 1540;
				LastUpgradeCheck = 1540;
				TargetAttributes = {
					270CF4212C3370CC00EE3A57 = {
						CreatedOnToolsVersion = 15.4;
					};
					270CF4372C3370CD00EE3A57 = {
						CreatedOnToolsVersion = 15.4;
						TestTargetID = 270CF4212C3370CC00EE3A57;
					};
					270CF4412C3370CD00EE3A57 = {
						CreatedOnToolsVersion = 15.4;
						TestTargetID = 270CF4212C3370CC00EE3A57;
					};
				};
			};
			buildConfigurationList = 270CF41D2C3370CC00EE3A57 /* Build configuration list for PBXProject "Desserts-Meal" */;
			compatibilityVersion = "Xcode 14.0";
			developmentRegion = en;
			hasScannedForEncodings = 0;
			knownRegions = (
				en,
				Base,
			);
			mainGroup = 270CF4192C3370CC00EE3A57;
			productRefGroup = 270CF4232C3370CC00EE3A57 /* Products */;
			projectDirPath = "";
			projectRoot = "";
			targets = (
				270CF4212C3370CC00EE3A57 /* Desserts-Meal */,
				270CF4372C3370CD00EE3A57 /* Desserts-MealTests */,
				270CF4412C3370CD00EE3A57 /* Desserts-MealUITests */,
			);
		};
/* End PBXProject section */

/* Begin PBXResourcesBuildPhase section */
		270CF4202C3370CC00EE3A57 /* Resources */ = {
			isa = PBXResourcesBuildPhase;
			buildActionMask = 2147483647;
			files = (
				270CF42F2C3370CD00EE3A57 /* Assets.xcassets in Resources */,
				270CF4322C3370CD00EE3A57 /* Base in Resources */,
				270CF42D2C3370CC00EE3A57 /* Base in Resources */,
			);
			runOnlyForDeploymentPostprocessing = 0;
		};
		270CF4362C3370CD00EE3A57 /* Resources */ = {
			isa = PBXResourcesBuildPhase;
			buildActionMask = 2147483647;
			files = (
			);
			runOnlyForDeploymentPostprocessing = 0;
		};
		270CF4402C3370CD00EE3A57 /* Resources */ = {
			isa = PBXResourcesBuildPhase;
			buildActionMask = 2147483647;
			files = (
			);
			runOnlyForDeploymentPostprocessing = 0;
		};
/* End PBXResourcesBuildPhase section */

/* Begin PBXSourcesBuildPhase section */
		270CF41E2C3370CC00EE3A57 /* Sources */ = {
			isa = PBXSourcesBuildPhase;
			buildActionMask = 2147483647;
			files = (
				270CF42A2C3370CC00EE3A57 /* ViewController.swift in Sources */,
				270CF4262C3370CC00EE3A57 /* AppDelegate.swift in Sources */,
				270CF4282C3370CC00EE3A57 /* SceneDelegate.swift in Sources */,
			);
			runOnlyForDeploymentPostprocessing = 0;
		};
		270CF4342C3370CD00EE3A57 /* Sources */ = {
			isa = PBXSourcesBuildPhase;
			buildActionMask = 2147483647;
			files = (
				270CF43D2C3370CD00EE3A57 /* Desserts_MealTests.swift in Sources */,
			);
			runOnlyForDeploymentPostprocessing = 0;
		};
		270CF43E2C3370CD00EE3A57 /* Sources */ = {
			isa = PBXSourcesBuildPhase;
			buildActionMask = 2147483647;
			files = (
				270CF4492C3370CD00EE3A57 /* Desserts_MealUITestsLaunchTests.swift in Sources */,
				270CF4472C3370CD00EE3A57 /* Desserts_MealUITests.swift in Sources */,
			);
			runOnlyForDeploymentPostprocessing = 0;
		};
/* End PBXSourcesBuildPhase section */

/* Begin PBXTargetDependency section */
		270CF43A2C3370CD00EE3A57 /* PBXTargetDependency */ = {
			isa = PBXTargetDependency;
			target = 270CF4212C3370CC00EE3A57 /* Desserts-Meal */;
			targetProxy = 270CF4392C3370CD00EE3A57 /* PBXContainerItemProxy */;
		};
		270CF4442C3370CD00EE3A57 /* PBXTargetDependency */ = {
			isa = PBXTargetDependency;
			target = 270CF4212C3370CC00EE3A57 /* Desserts-Meal */;
			targetProxy = 270CF4432C3370CD00EE3A57 /* PBXContainerItemProxy */;
		};
/* End PBXTargetDependency section */

/* Begin PBXVariantGroup section */
		270CF42B2C3370CC00EE3A57 /* Main.storyboard */ = {
			isa = PBXVariantGroup;
			children = (
				270CF42C2C3370CC00EE3A57 /* Base */,
			);
			name = Main.storyboard;
			sourceTree = "<group>";
		};
		270CF4302C3370CD00EE3A57 /* LaunchScreen.storyboard */ = {
			isa = PBXVariantGroup;
			children = (
				270CF4312C3370CD00EE3A57 /* Base */,
			);
			name = LaunchScreen.storyboard;
			sourceTree = "<group>";
		};
/* End PBXVariantGroup section */

/* Begin XCBuildConfiguration section */
		270CF44A2C3370CD00EE3A57 /* Debug */ = {
			isa = XCBuildConfiguration;
			buildSettings = {
				ALWAYS_SEARCH_USER_PATHS = NO;
				ASSETCATALOG_COMPILER_GENERATE_SWIFT_ASSET_SYMBOL_EXTENSIONS = YES;
				CLANG_ANALYZER_NONNULL = YES;
				CLANG_ANALYZER_NUMBER_OBJECT_CONVERSION = YES_AGGRESSIVE;
				CLANG_CXX_LANGUAGE_STANDARD = "gnu++20";
				CLANG_ENABLE_MODULES = YES;
				CLANG_ENABLE_OBJC_ARC = YES;
				CLANG_ENABLE_OBJC_WEAK = YES;
				CLANG_WARN_BLOCK_CAPTURE_AUTORELEASING = YES;
				CLANG_WARN_BOOL_CONVERSION = YES;
				CLANG_WARN_COMMA = YES;
				CLANG_WARN_CONSTANT_CONVERSION = YES;
				CLANG_WARN_DEPRECATED_OBJC_IMPLEMENTATIONS = YES;
				CLANG_WARN_DIRECT_OBJC_ISA_USAGE = YES_ERROR;
				CLANG_WARN_DOCUMENTATION_COMMENTS = YES;
				CLANG_WARN_EMPTY_BODY = YES;
				CLANG_WARN_ENUM_CONVERSION = YES;
				CLANG_WARN_INFINITE_RECURSION = YES;
				CLANG_WARN_INT_CONVERSION = YES;
				CLANG_WARN_NON_LITERAL_NULL_CONVERSION = YES;
				CLANG_WARN_OBJC_IMPLICIT_RETAIN_SELF = YES;
				CLANG_WARN_OBJC_LITERAL_CONVERSION = YES;
				CLANG_WARN_OBJC_ROOT_CLASS = YES_ERROR;
				CLANG_WARN_QUOTED_INCLUDE_IN_FRAMEWORK_HEADER = YES;
				CLANG_WARN_RANGE_LOOP_ANALYSIS = YES;
				CLANG_WARN_STRICT_PROTOTYPES = YES;
				CLANG_WARN_SUSPICIOUS_MOVE = YES;
				CLANG_WARN_UNGUARDED_AVAILABILITY = YES_AGGRESSIVE;
				CLANG_WARN_UNREACHABLE_CODE = YES;
				CLANG_WARN__DUPLICATE_METHOD_MATCH = YES;
				COPY_PHASE_STRIP = NO;
				DEBUG_INFORMATION_FORMAT = dwarf;
				ENABLE_STRICT_OBJC_MSGSEND = YES;
				ENABLE_TESTABILITY = YES;
				ENABLE_USER_SCRIPT_SANDBOXING = YES;
				GCC_C_LANGUAGE_STANDARD = gnu17;
				GCC_DYNAMIC_NO_PIC = NO;
				GCC_NO_COMMON_BLOCKS = YES;
				GCC_OPTIMIZATION_LEVEL = 0;
				GCC_PREPROCESSOR_DEFINITIONS = (
					"DEBUG=1",
					"$(inherited)",
				);
				GCC_WARN_64_TO_32_BIT_CONVERSION = YES;
				GCC_WARN_ABOUT_RETURN_TYPE = YES_ERROR;
				GCC_WARN_UNDECLARED_SELECTOR = YES;
				GCC_WARN_UNINITIALIZED_AUTOS = YES_AGGRESSIVE;
				GCC_WARN_UNUSED_FUNCTION = YES;
				GCC_WARN_UNUSED_VARIABLE = YES;
				IPHONEOS_DEPLOYMENT_TARGET = 17.5;
				LOCALIZATION_PREFERS_STRING_CATALOGS = YES;
				MTL_ENABLE_DEBUG_INFO = INCLUDE_SOURCE;
				MTL_FAST_MATH = YES;
				ONLY_ACTIVE_ARCH = YES;
				SDKROOT = iphoneos;
				SWIFT_ACTIVE_COMPILATION_CONDITIONS = "DEBUG $(inherited)";
				SWIFT_OPTIMIZATION_LEVEL = "-Onone";
			};
			name = Debug;
		};
		270CF44B2C3370CD00EE3A57 /* Release */ = {
			isa = XCBuildConfiguration;
			buildSettings = {
				ALWAYS_SEARCH_USER_PATHS = NO;
				ASSETCATALOG_COMPILER_GENERATE_SWIFT_ASSET_SYMBOL_EXTENSIONS = YES;
				CLANG_ANALYZER_NONNULL = YES;
				CLANG_ANALYZER_NUMBER_OBJECT_CONVERSION = YES_AGGRESSIVE;
				CLANG_CXX_LANGUAGE_STANDARD = "gnu++20";
				CLANG_ENABLE_MODULES = YES;
				CLANG_ENABLE_OBJC_ARC = YES;
				CLANG_ENABLE_OBJC_WEAK = YES;
				CLANG_WARN_BLOCK_CAPTURE_AUTORELEASING = YES;
				CLANG_WARN_BOOL_CONVERSION = YES;
				CLANG_WARN_COMMA = YES;
				CLANG_WARN_CONSTANT_CONVERSION = YES;
				CLANG_WARN_DEPRECATED_OBJC_IMPLEMENTATIONS = YES;
				CLANG_WARN_DIRECT_OBJC_ISA_USAGE = YES_ERROR;
				CLANG_WARN_DOCUMENTATION_COMMENTS = YES;
				CLANG_WARN_EMPTY_BODY = YES;
				CLANG_WARN_ENUM_CONVERSION = YES;
				CLANG_WARN_INFINITE_RECURSION = YES;
				CLANG_WARN_INT_CONVERSION = YES;
				CLANG_WARN_NON_LITERAL_NULL_CONVERSION = YES;
				CLANG_WARN_OBJC_IMPLICIT_RETAIN_SELF = YES;
				CLANG_WARN_OBJC_LITERAL_CONVERSION = YES;
				CLANG_WARN_OBJC_ROOT_CLASS = YES_ERROR;
				CLANG_WARN_QUOTED_INCLUDE_IN_FRAMEWORK_HEADER = YES;
				CLANG_WARN_RANGE_LOOP_ANALYSIS = YES;
				CLANG_WARN_STRICT_PROTOTYPES = YES;
				CLANG_WARN_SUSPICIOUS_MOVE = YES;
				CLANG_WARN_UNGUARDED_AVAILABILITY = YES_AGGRESSIVE;
				CLANG_WARN_UNREACHABLE_CODE = YES;
				CLANG_WARN__DUPLICATE_METHOD_MATCH = YES;
				COPY_PHASE_STRIP = NO;
				DEBUG_INFORMATION_FORMAT = "dwarf-with-dsym";
				ENABLE_NS_ASSERTIONS = NO;
				ENABLE_STRICT_OBJC_MSGSEND = YES;
				ENABLE_USER_SCRIPT_SANDBOXING = YES;
				GCC_C_LANGUAGE_STANDARD = gnu17;
				GCC_NO_COMMON_BLOCKS = YES;
				GCC_WARN_64_TO_32_BIT_CONVERSION = YES;
				GCC_WARN_ABOUT_RETURN_TYPE = YES_ERROR;
				GCC_WARN_UNDECLARED_SELECTOR = YES;
				GCC_WARN_UNINITIALIZED_AUTOS = YES_AGGRESSIVE;
				GCC_WARN_UNUSED_FUNCTION = YES;
				GCC_WARN_UNUSED_VARIABLE = YES;
				IPHONEOS_DEPLOYMENT_TARGET = 17.5;
				LOCALIZATION_PREFERS_STRING_CATALOGS = YES;
				MTL_ENABLE_DEBUG_INFO = NO;
				MTL_FAST_MATH = YES;
				SDKROOT = iphoneos;
				SWIFT_COMPILATION_MODE = wholemodule;
				VALIDATE_PRODUCT = YES;
			};
			name = Release;
		};
		270CF44D2C3370CD00EE3A57 /* Debug */ = {
			isa = XCBuildConfiguration;
			buildSettings = {
				ASSETCATALOG_COMPILER_APPICON_NAME = AppIcon;
				ASSETCATALOG_COMPILER_GLOBAL_ACCENT_COLOR_NAME = AccentColor;
				CODE_SIGN_STYLE = Automatic;
				CURRENT_PROJECT_VERSION = 1;
				DEVELOPMENT_TEAM = WVRH7U68KM;
				GENERATE_INFOPLIST_FILE = YES;
				INFOPLIST_FILE = "Desserts-Meal/Info.plist";
				INFOPLIST_KEY_UIApplicationSupportsIndirectInputEvents = YES;
				INFOPLIST_KEY_UILaunchStoryboardName = LaunchScreen;
				INFOPLIST_KEY_UIMainStoryboardFile = Main;
				INFOPLIST_KEY_UISupportedInterfaceOrientations_iPad = "UIInterfaceOrientationPortrait UIInterfaceOrientationPortraitUpsideDown UIInterfaceOrientationLandscapeLeft UIInterfaceOrientationLandscapeRight";
				INFOPLIST_KEY_UISupportedInterfaceOrientations_iPhone = "UIInterfaceOrientationPortrait UIInterfaceOrientationLandscapeLeft UIInterfaceOrientationLandscapeRight";
				LD_RUNPATH_SEARCH_PATHS = (
					"$(inherited)",
					"@executable_path/Frameworks",
				);
				MARKETING_VERSION = 1.0;
				PRODUCT_BUNDLE_IDENTIFIER = "me.Desserts-Meal";
				PRODUCT_NAME = "$(TARGET_NAME)";
				SWIFT_EMIT_LOC_STRINGS = YES;
				SWIFT_VERSION = 5.0;
				TARGETED_DEVICE_FAMILY = "1,2";
			};
			name = Debug;
		};
		270CF44E2C3370CD00EE3A57 /* Release */ = {
			isa = XCBuildConfiguration;
			buildSettings = {
				ASSETCATALOG_COMPILER_APPICON_NAME = AppIcon;
				ASSETCATALOG_COMPILER_GLOBAL_ACCENT_COLOR_NAME = AccentColor;
				CODE_SIGN_STYLE = Automatic;
				CURRENT_PROJECT_VERSION = 1;
				DEVELOPMENT_TEAM = WVRH7U68KM;
				GENERATE_INFOPLIST_FILE = YES;
				INFOPLIST_FILE = "Desserts-Meal/Info.plist";
				INFOPLIST_KEY_UIApplicationSupportsIndirectInputEvents = YES;
				INFOPLIST_KEY_UILaunchStoryboardName = LaunchScreen;
				INFOPLIST_KEY_UIMainStoryboardFile = Main;
				INFOPLIST_KEY_UISupportedInterfaceOrientations_iPad = "UIInterfaceOrientationPortrait UIInterfaceOrientationPortraitUpsideDown UIInterfaceOrientationLandscapeLeft UIInterfaceOrientationLandscapeRight";
				INFOPLIST_KEY_UISupportedInterfaceOrientations_iPhone = "UIInterfaceOrientationPortrait UIInterfaceOrientationLandscapeLeft UIInterfaceOrientationLandscapeRight";
				LD_RUNPATH_SEARCH_PATHS = (
					"$(inherited)",
					"@executable_path/Frameworks",
				);
				MARKETING_VERSION = 1.0;
				PRODUCT_BUNDLE_IDENTIFIER = "me.Desserts-Meal";
				PRODUCT_NAME = "$(TARGET_NAME)";
				SWIFT_EMIT_LOC_STRINGS = YES;
				SWIFT_VERSION = 5.0;
				TARGETED_DEVICE_FAMILY = "1,2";
			};
			name = Release;
		};
		270CF4502C3370CD00EE3A57 /* Debug */ = {
			isa = XCBuildConfiguration;
			buildSettings = {
				ALWAYS_EMBED_SWIFT_STANDARD_LIBRARIES = YES;
				BUNDLE_LOADER = "$(TEST_HOST)";
				CODE_SIGN_STYLE = Automatic;
				CURRENT_PROJECT_VERSION = 1;
				DEVELOPMENT_TEAM = WVRH7U68KM;
				GENERATE_INFOPLIST_FILE = YES;
				IPHONEOS_DEPLOYMENT_TARGET = 17.5;
				MARKETING_VERSION = 1.0;
				PRODUCT_BUNDLE_IDENTIFIER = "me.Desserts-MealTests";
				PRODUCT_NAME = "$(TARGET_NAME)";
				SWIFT_EMIT_LOC_STRINGS = NO;
				SWIFT_VERSION = 5.0;
				TARGETED_DEVICE_FAMILY = "1,2";
				TEST_HOST = "$(BUILT_PRODUCTS_DIR)/Desserts-Meal.app/$(BUNDLE_EXECUTABLE_FOLDER_PATH)/Desserts-Meal";
			};
			name = Debug;
		};
		270CF4512C3370CD00EE3A57 /* Release */ = {
			isa = XCBuildConfiguration;
			buildSettings = {
				ALWAYS_EMBED_SWIFT_STANDARD_LIBRARIES = YES;
				BUNDLE_LOADER = "$(TEST_HOST)";
				CODE_SIGN_STYLE = Automatic;
				CURRENT_PROJECT_VERSION = 1;
				DEVELOPMENT_TEAM = WVRH7U68KM;
				GENERATE_INFOPLIST_FILE = YES;
				IPHONEOS_DEPLOYMENT_TARGET = 17.5;
				MARKETING_VERSION = 1.0;
				PRODUCT_BUNDLE_IDENTIFIER = "me.Desserts-MealTests";
				PRODUCT_NAME = "$(TARGET_NAME)";
				SWIFT_EMIT_LOC_STRINGS = NO;
				SWIFT_VERSION = 5.0;
				TARGETED_DEVICE_FAMILY = "1,2";
				TEST_HOST = "$(BUILT_PRODUCTS_DIR)/Desserts-Meal.app/$(BUNDLE_EXECUTABLE_FOLDER_PATH)/Desserts-Meal";
			};
			name = Release;
		};
		270CF4532C3370CD00EE3A57 /* Debug */ = {
			isa = XCBuildConfiguration;
			buildSettings = {
				ALWAYS_EMBED_SWIFT_STANDARD_LIBRARIES = YES;
				CODE_SIGN_STYLE = Automatic;
				CURRENT_PROJECT_VERSION = 1;
				DEVELOPMENT_TEAM = WVRH7U68KM;
				GENERATE_INFOPLIST_FILE = YES;
				MARKETING_VERSION = 1.0;
				PRODUCT_BUNDLE_IDENTIFIER = "me.Desserts-MealUITests";
				PRODUCT_NAME = "$(TARGET_NAME)";
				SWIFT_EMIT_LOC_STRINGS = NO;
				SWIFT_VERSION = 5.0;
				TARGETED_DEVICE_FAMILY = "1,2";
				TEST_TARGET_NAME = "Desserts-Meal";
			};
			name = Debug;
		};
		270CF4542C3370CD00EE3A57 /* Release */ = {
			isa = XCBuildConfiguration;
			buildSettings = {
				ALWAYS_EMBED_SWIFT_STANDARD_LIBRARIES = YES;
				CODE_SIGN_STYLE = Automatic;
				CURRENT_PROJECT_VERSION = 1;
				DEVELOPMENT_TEAM = WVRH7U68KM;
				GENERATE_INFOPLIST_FILE = YES;
				MARKETING_VERSION = 1.0;
				PRODUCT_BUNDLE_IDENTIFIER = "me.Desserts-MealUITests";
				PRODUCT_NAME = "$(TARGET_NAME)";
				SWIFT_EMIT_LOC_STRINGS = NO;
				SWIFT_VERSION = 5.0;
				TARGETED_DEVICE_FAMILY = "1,2";
				TEST_TARGET_NAME = "Desserts-Meal";
			};
			name = Release;
		};
/* End XCBuildConfiguration section */

/* Begin XCConfigurationList section */
		270CF41D2C3370CC00EE3A57 /* Build configuration list for PBXProject "Desserts-Meal" */ = {
			isa = XCConfigurationList;
			buildConfigurations = (
				270CF44A2C3370CD00EE3A57 /* Debug */,
				270CF44B2C3370CD00EE3A57 /* Release */,
			);
			defaultConfigurationIsVisible = 0;
			defaultConfigurationName = Release;
		};
		270CF44C2C3370CD00EE3A57 /* Build configuration list for PBXNativeTarget "Desserts-Meal" */ = {
			isa = XCConfigurationList;
			buildConfigurations = (
				270CF44D2C3370CD00EE3A57 /* Debug */,
				270CF44E2C3370CD00EE3A57 /* Release */,
			);
			defaultConfigurationIsVisible = 0;
			defaultConfigurationName = Release;
		};
		270CF44F2C3370CD00EE3A57 /* Build configuration list for PBXNativeTarget "Desserts-MealTests" */ = {
			isa = XCConfigurationList;
			buildConfigurations = (
				270CF4502C3370CD00EE3A57 /* Debug */,
				270CF4512C3370CD00EE3A57 /* Release */,
			);
			defaultConfigurationIsVisible = 0;
			defaultConfigurationName = Release;
		};
		270CF4522C3370CD00EE3A57 /* Build configuration list for PBXNativeTarget "Desserts-MealUITests" */ = {
			isa = XCConfigurationList;
			buildConfigurations = (
				270CF4532C3370CD00EE3A57 /* Debug */,
				270CF4542C3370CD00EE3A57 /* Release */,
			);
			defaultConfigurationIsVisible = 0;
			defaultConfigurationName = Release;
		};
/* End XCConfigurationList section */
	};
	rootObject = 270CF41A2C3370CC00EE3A57 /* Project object */;
}
